{
  "version": 4,
  "terraform_version": "1.3.4",
  "serial": 6,
  "lineage": "2279357c-c12e-4e2a-3603-c796e7430090",
  "outputs": {},
  "resources": [
    {
      "mode": "managed",
      "type": "azurerm_app_service_source_control",
      "name": "sourcecontrol",
      "provider": "provider[\"registry.terraform.io/hashicorp/azurerm\"]",
      "instances": [
        {
          "schema_version": 0,
          "attributes": {
            "app_id": "/subscriptions/0edfd11c-a0ec-445e-83d2-bcbe2ec58268/resourceGroups/myResourceGroup-85561/providers/Microsoft.Web/sites/webapp-85561",
            "branch": "main",
            "github_action_configuration": [],
            "id": "/subscriptions/0edfd11c-a0ec-445e-83d2-bcbe2ec58268/resourceGroups/myResourceGroup-85561/providers/Microsoft.Web/sites/webapp-85561",
            "repo_url": "https://github.com/olivierchoquet/exoplanets",
            "rollback_enabled": false,
            "scm_type": "ExternalGit",
            "timeouts": null,
            "use_local_git": false,
            "use_manual_integration": true,
            "use_mercurial": false,
            "uses_github_action": false
          },
          "sensitive_attributes": [],
          "private": "eyJlMmJmYjczMC1lY2FhLTExZTYtOGY4OC0zNDM2M2JjN2M0YzAiOnsiY3JlYXRlIjoxODAwMDAwMDAwMDAwLCJkZWxldGUiOjE4MDAwMDAwMDAwMDAsInJlYWQiOjMwMDAwMDAwMDAwMH19",
          "dependencies": [
            "azurerm_linux_web_app.webapp",
            "azurerm_resource_group.rg",
            "azurerm_service_plan.appserviceplan",
            "random_integer.ri"
          ]
        }
      ]
    },
    {
      "mode": "managed",
      "type": "azurerm_linux_web_app",
      "name": "webapp",
      "provider": "provider[\"registry.terraform.io/hashicorp/azurerm\"]",
      "instances": [
        {
          "schema_version": 0,
          "attributes": {
            "app_settings": null,
            "auth_settings": [
              {
                "active_directory": [],
                "additional_login_parameters": {},
                "allowed_external_redirect_urls": [],
                "default_provider": "",
                "enabled": false,
                "facebook": [],
                "github": [],
                "google": [],
                "issuer": "",
                "microsoft": [],
                "runtime_version": "",
                "token_refresh_extension_hours": 0,
                "token_store_enabled": false,
                "twitter": [],
                "unauthenticated_client_action": ""
              }
            ],
            "backup": [],
            "client_affinity_enabled": false,
            "client_certificate_enabled": false,
            "client_certificate_mode": "Required",
            "connection_string": [],
            "custom_domain_verification_id": "88DDD705DC03E2DC981F7108E6156476679959DA4958C1B9DDD33CD8ADE6FC1D",
            "default_hostname": "webapp-85561.azurewebsites.net",
            "enabled": true,
            "https_only": true,
            "id": "/subscriptions/0edfd11c-a0ec-445e-83d2-bcbe2ec58268/resourceGroups/myResourceGroup-85561/providers/Microsoft.Web/sites/webapp-85561",
            "identity": [],
            "key_vault_reference_identity_id": "SystemAssigned",
            "kind": "app,linux",
            "location": "westeurope",
            "logs": [],
            "name": "webapp-85561",
            "outbound_ip_address_list": [
              "20.238.240.213",
              "20.31.45.71",
              "20.31.47.252",
              "20.76.215.81",
              "20.31.46.248",
              "20.238.240.221",
              "20.105.232.15"
            ],
            "outbound_ip_addresses": "20.238.240.213,20.31.45.71,20.31.47.252,20.76.215.81,20.31.46.248,20.238.240.221,20.105.232.15",
            "possible_outbound_ip_address_list": [
              "20.238.240.213",
              "20.31.45.71",
              "20.31.47.252",
              "20.76.215.81",
              "20.31.46.248",
              "20.238.240.221",
              "20.238.240.223",
              "20.238.240.233",
              "20.238.240.235",
              "20.238.240.239",
              "20.31.47.229",
              "20.31.47.230",
              "20.31.44.37",
              "20.31.47.231",
              "20.31.47.233",
              "20.31.47.16",
              "20.31.47.234",
              "20.31.47.236",
              "20.31.45.147",
              "20.31.47.239",
              "20.238.240.148",
              "20.238.240.108",
              "20.238.240.152",
              "20.238.240.107",
              "20.105.232.15"
            ],
            "possible_outbound_ip_addresses": "20.238.240.213,20.31.45.71,20.31.47.252,20.76.215.81,20.31.46.248,20.238.240.221,20.238.240.223,20.238.240.233,20.238.240.235,20.238.240.239,20.31.47.229,20.31.47.230,20.31.44.37,20.31.47.231,20.31.47.233,20.31.47.16,20.31.47.234,20.31.47.236,20.31.45.147,20.31.47.239,20.238.240.148,20.238.240.108,20.238.240.152,20.238.240.107,20.105.232.15",
            "resource_group_name": "myResourceGroup-85561",
            "service_plan_id": "/subscriptions/0edfd11c-a0ec-445e-83d2-bcbe2ec58268/resourceGroups/myResourceGroup-85561/providers/Microsoft.Web/serverfarms/webapp-asp-85561",
            "site_config": [
              {
                "always_on": false,
                "api_definition_url": "",
                "api_management_api_id": "",
                "app_command_line": "",
                "application_stack": [
                  {
                    "docker_image": "",
                    "docker_image_tag": "",
                    "dotnet_version": "",
                    "java_server": "",
                    "java_server_version": "",
                    "java_version": "",
                    "node_version": "16-lts",
                    "php_version": "",
                    "python_version": "",
                    "ruby_version": ""
                  }
                ],
                "auto_heal_enabled": false,
                "auto_heal_setting": [],
                "container_registry_managed_identity_client_id": "",
                "container_registry_use_managed_identity": false,
                "cors": [],
                "default_documents": [
                  "Default.htm",
                  "Default.html",
                  "Default.asp",
                  "index.htm",
                  "index.html",
                  "iisstart.htm",
                  "default.aspx",
                  "index.php",
                  "hostingstart.html"
                ],
                "detailed_error_logging_enabled": false,
                "ftps_state": "Disabled",
                "health_check_eviction_time_in_min": 0,
                "health_check_path": "",
                "http2_enabled": false,
                "ip_restriction": [],
                "linux_fx_version": "NODE|16-lts",
                "load_balancing_mode": "LeastRequests",
                "local_mysql_enabled": false,
                "managed_pipeline_mode": "Integrated",
                "minimum_tls_version": "1.2",
                "remote_debugging_enabled": false,
                "remote_debugging_version": "VS2019",
                "scm_ip_restriction": [],
                "scm_minimum_tls_version": "1.2",
                "scm_type": "None",
                "scm_use_main_ip_restriction": false,
                "use_32_bit_worker": true,
                "vnet_route_all_enabled": false,
                "websockets_enabled": false,
                "worker_count": 1
              }
            ],
            "site_credential": [
              {
                "name": "$webapp-85561",
                "password": "Sh3gjin3pEhAvSH2cjkRktlJ65h2RcCPEKpW9XkZ7HAvaztf03xLGEwKRC5r"
              }
            ],
            "storage_account": [],
            "tags": null,
            "timeouts": null
          },
          "sensitive_attributes": [],
          "private": "eyJlMmJmYjczMC1lY2FhLTExZTYtOGY4OC0zNDM2M2JjN2M0YzAiOnsiY3JlYXRlIjoxODAwMDAwMDAwMDAwLCJkZWxldGUiOjE4MDAwMDAwMDAwMDAsInJlYWQiOjMwMDAwMDAwMDAwMCwidXBkYXRlIjoxODAwMDAwMDAwMDAwfX0=",
          "dependencies": [
            "azurerm_resource_group.rg",
            "azurerm_service_plan.appserviceplan",
            "random_integer.ri"
          ]
        }
      ]
    },
    {
      "mode": "managed",
      "type": "azurerm_resource_group",
      "name": "rg",
      "provider": "provider[\"registry.terraform.io/hashicorp/azurerm\"]",
      "instances": [
        {
          "schema_version": 0,
          "attributes": {
            "id": "/subscriptions/0edfd11c-a0ec-445e-83d2-bcbe2ec58268/resourceGroups/myResourceGroup-85561",
            "location": "westeurope",
            "name": "myResourceGroup-85561",
            "tags": null,
            "timeouts": null
          },
          "sensitive_attributes": [],
          "private": "eyJlMmJmYjczMC1lY2FhLTExZTYtOGY4OC0zNDM2M2JjN2M0YzAiOnsiY3JlYXRlIjo1NDAwMDAwMDAwMDAwLCJkZWxldGUiOjU0MDAwMDAwMDAwMDAsInJlYWQiOjMwMDAwMDAwMDAwMCwidXBkYXRlIjo1NDAwMDAwMDAwMDAwfX0=",
          "dependencies": [
            "random_integer.ri"
          ]
        }
      ]
    },
    {
      "mode": "managed",
      "type": "azurerm_service_plan",
      "name": "appserviceplan",
      "provider": "provider[\"registry.terraform.io/hashicorp/azurerm\"]",
      "instances": [
        {
          "schema_version": 0,
          "attributes": {
            "app_service_environment_id": "",
            "id": "/subscriptions/0edfd11c-a0ec-445e-83d2-bcbe2ec58268/resourceGroups/myResourceGroup-85561/providers/Microsoft.Web/serverfarms/webapp-asp-85561",
            "kind": "linux",
            "location": "westeurope",
            "maximum_elastic_worker_count": 1,
            "name": "webapp-asp-85561",
            "os_type": "Linux",
            "per_site_scaling_enabled": false,
            "reserved": true,
            "resource_group_name": "myResourceGroup-85561",
            "sku_name": "F1",
            "tags": null,
            "timeouts": null,
            "worker_count": 1
          },
          "sensitive_attributes": [],
          "private": "eyJlMmJmYjczMC1lY2FhLTExZTYtOGY4OC0zNDM2M2JjN2M0YzAiOnsiY3JlYXRlIjozNjAwMDAwMDAwMDAwLCJkZWxldGUiOjM2MDAwMDAwMDAwMDAsInJlYWQiOjMwMDAwMDAwMDAwMCwidXBkYXRlIjozNjAwMDAwMDAwMDAwfX0=",
          "dependencies": [
            "azurerm_resource_group.rg",
            "random_integer.ri"
          ]
        }
      ]
    },
    {
      "mode": "managed",
      "type": "random_integer",
      "name": "ri",
      "provider": "provider[\"registry.terraform.io/hashicorp/random\"]",
      "instances": [
        {
          "schema_version": 0,
          "attributes": {
            "id": "85561",
            "keepers": null,
            "max": 99999,
            "min": 10000,
            "result": 85561,
            "seed": null
          },
          "sensitive_attributes": []
        }
      ]
    }
  ],
  "check_results": null
}
